
Microsoft Visual Studio Solution File, Format Version 12.00
# Visual Studio 2012
Project("{8BC9CEB8-8B4A-11D0-8D11-00A0C91BC942}") = "photo_filtering", "photo_filtering\photo_filtering.vcxproj", "{E50DD781-69C2-4653-90BF-975D10EDF9B9}"
EndProject
Project("{8BC9CEB8-8B4A-11D0-8D11-00A0C91BC942}") = "fly_pos_to_kml", "fly_pos_to_kml\fly_pos_to_kml.vcxproj", "{094E589D-5EBF-4548-A34A-006D9D1105CF}"
EndProject
Project("{8BC9CEB8-8B4A-11D0-8D11-00A0C91BC942}") = "photo_exif_toolkit", "photo_exif_toolkit\photo_exif_toolkit.vcxproj", "{2B7CDE7F-38F0-487C-AC7D-32DFD3945867}"
EndProject
Project("{8BC9CEB8-8B4A-11D0-8D11-00A0C91BC942}") = "point_filtering", "point_filtering\point_filtering.vcxproj", "{8C39841B-2DB5-4264-856B-069633E2F9DE}"
EndProject
Global
	GlobalSection(SolutionConfigurationPlatforms) = preSolution
		Debug|x64 = Debug|x64
		Release|x64 = Release|x64
	EndGlobalSection
	GlobalSection(ProjectConfigurationPlatforms) = postSolution
		{E50DD781-69C2-4653-90BF-975D10EDF9B9}.Debug|x64.ActiveCfg = Debug|x64
		{E50DD781-69C2-4653-90BF-975D10EDF9B9}.Debug|x64.Build.0 = Debug|x64
		{E50DD781-69C2-4653-90BF-975D10EDF9B9}.Release|x64.ActiveCfg = Release|x64
		{E50DD781-69C2-4653-90BF-975D10EDF9B9}.Release|x64.Build.0 = Release|x64
		{094E589D-5EBF-4548-A34A-006D9D1105CF}.Debug|x64.ActiveCfg = Debug|x64
		{094E589D-5EBF-4548-A34A-006D9D1105CF}.Debug|x64.Build.0 = Debug|x64
		{094E589D-5EBF-4548-A34A-006D9D1105CF}.Release|x64.ActiveCfg = Release|x64
		{094E589D-5EBF-4548-A34A-006D9D1105CF}.Release|x64.Build.0 = Release|x64
		{2B7CDE7F-38F0-487C-AC7D-32DFD3945867}.Debug|x64.ActiveCfg = Debug|x64
		{2B7CDE7F-38F0-487C-AC7D-32DFD3945867}.Debug|x64.Build.0 = Debug|x64
		{2B7CDE7F-38F0-487C-AC7D-32DFD3945867}.Release|x64.ActiveCfg = Release|x64
		{2B7CDE7F-38F0-487C-AC7D-32DFD3945867}.Release|x64.Build.0 = Release|x64
		{8C39841B-2DB5-4264-856B-069633E2F9DE}.Debug|x64.ActiveCfg = Debug|x64
		{8C39841B-2DB5-4264-856B-069633E2F9DE}.Debug|x64.Build.0 = Debug|x64
		{8C39841B-2DB5-4264-856B-069633E2F9DE}.Release|x64.ActiveCfg = Release|x64
		{8C39841B-2DB5-4264-856B-069633E2F9DE}.Release|x64.Build.0 = Release|x64
	EndGlobalSection
	GlobalSection(SolutionProperties) = preSolution
		HideSolutionNode = FALSE
	EndGlobalSection
EndGlobal
